
Microsoft Visual Studio Solution File, Format Version 12.00
# Visual Studio Version 17
VisualStudioVersion = 17.7.34221.43
MinimumVisualStudioVersion = 10.0.40219.1
Project("{FAE04EC0-301F-11D3-BF4B-00C04F79EFBC}") = "WebAppData", "WebAppData.csproj", "{F1117F3A-1EE7-4E8D-B956-E4E117DC4005}"
EndProject
Global
	GlobalSection(SolutionConfigurationPlatforms) = preSolution
		Debug|Any CPU = Debug|Any CPU
		Release|Any CPU = Release|Any CPU
	EndGlobalSection
	GlobalSection(ProjectConfigurationPlatforms) = postSolution
		{F1117F3A-1EE7-4E8D-B956-E4E117DC4005}.Debug|Any CPU.ActiveCfg = Debug|Any CPU
		{F1117F3A-1EE7-4E8D-B956-E4E117DC4005}.Debug|Any CPU.Build.0 = Debug|Any CPU
		{F1117F3A-1EE7-4E8D-B956-E4E117DC4005}.Release|Any CPU.ActiveCfg = Release|Any CPU
		{F1117F3A-1EE7-4E8D-B956-E4E117DC4005}.Release|Any CPU.Build.0 = Release|Any CPU
	EndGlobalSection
	GlobalSection(SolutionProperties) = preSolution
		HideSolutionNode = FALSE
	EndGlobalSection
	GlobalSection(ExtensibilityGlobals) = postSolution
		SolutionGuid = {53544D82-F605-40C1-B5AD-DD9E59F8899C}
	EndGlobalSection
EndGlobal
